
Microsoft Visual Studio Solution File, Format Version 12.00
# Visual Studio 15
VisualStudioVersion = 15.0.28307.1082
MinimumVisualStudioVersion = 10.0.40219.1
Project("{FAE04EC0-301F-11D3-BF4B-00C04F79EFBC}") = "Grep", "Grep\Grep.csproj", "{A145F205-7610-494E-AAC0-12A7032DE546}"
EndProject
Global
	GlobalSection(SolutionConfigurationPlatforms) = preSolution
		Debug|Any CPU = Debug|Any CPU
		Release|Any CPU = Release|Any CPU
	EndGlobalSection
	GlobalSection(ProjectConfigurationPlatforms) = postSolution
		{A145F205-7610-494E-AAC0-12A7032DE546}.Debug|Any CPU.ActiveCfg = Debug|Any CPU
		{A145F205-7610-494E-AAC0-12A7032DE546}.Debug|Any CPU.Build.0 = Debug|Any CPU
		{A145F205-7610-494E-AAC0-12A7032DE546}.Release|Any CPU.ActiveCfg = Release|Any CPU
		{A145F205-7610-494E-AAC0-12A7032DE546}.Release|Any CPU.Build.0 = Release|Any CPU
	EndGlobalSection
	GlobalSection(SolutionProperties) = preSolution
		HideSolutionNode = FALSE
	EndGlobalSection
	GlobalSection(ExtensibilityGlobals) = postSolution
		SolutionGuid = {696260BA-B2ED-4B2C-865D-66F95AC2BC9C}
	EndGlobalSection
EndGlobal
